// !$*UTF8*$!
{
	archiveVersion = 1;
	classes = {
	};
	objectVersion = 56;
	objects = {

/* Begin PBXBuildFile section */
		3207E2862ADE974B00C010B3 /* WeatherView.swift in Sources */ = {isa = PBXBuildFile; fileRef = 3207E2852ADE974B00C010B3 /* WeatherView.swift */; };
		3207E28B2ADE9A8C00C010B3 /* LoginView.swift in Sources */ = {isa = PBXBuildFile; fileRef = 3207E28A2ADE9A8C00C010B3 /* LoginView.swift */; };
		3207E28D2ADE9A9300C010B3 /* SignView.swift in Sources */ = {isa = PBXBuildFile; fileRef = 3207E28C2ADE9A9300C010B3 /* SignView.swift */; };
		320CAF412ADBCEDD00C509DF /* WeatherData.swift in Sources */ = {isa = PBXBuildFile; fileRef = 320CAF402ADBCEDD00C509DF /* WeatherData.swift */; };
		320CAF442ADBCF2A00C509DF /* WeatherDataViewModel.swift in Sources */ = {isa = PBXBuildFile; fileRef = 320CAF432ADBCF2A00C509DF /* WeatherDataViewModel.swift */; };
		320CAF462ADBCF4A00C509DF /* WeatherDataFieldView.swift in Sources */ = {isa = PBXBuildFile; fileRef = 320CAF452ADBCF4A00C509DF /* WeatherDataFieldView.swift */; };
		3210C9F62AE30B8B008BC285 /* LoadingView.swift in Sources */ = {isa = PBXBuildFile; fileRef = 3210C9F52AE30B8B008BC285 /* LoadingView.swift */; };
		3216FC402AB5A57900C29CB3 /* KursashApp.swift in Sources */ = {isa = PBXBuildFile; fileRef = 3216FC3F2AB5A57900C29CB3 /* KursashApp.swift */; };
		3216FC422AB5A57900C29CB3 /* ContentView.swift in Sources */ = {isa = PBXBuildFile; fileRef = 3216FC412AB5A57900C29CB3 /* ContentView.swift */; };
		3216FC442AB5A57A00C29CB3 /* Assets.xcassets in Resources */ = {isa = PBXBuildFile; fileRef = 3216FC432AB5A57A00C29CB3 /* Assets.xcassets */; };
		3216FC472AB5A57A00C29CB3 /* Preview Assets.xcassets in Resources */ = {isa = PBXBuildFile; fileRef = 3216FC462AB5A57A00C29CB3 /* Preview Assets.xcassets */; };
		3220AB582B06650700C9CA72 /* NasaData.swift in Sources */ = {isa = PBXBuildFile; fileRef = 3220AB572B06650700C9CA72 /* NasaData.swift */; };
		3220AB5A2B06659000C9CA72 /* NasaDataViewModel.swift in Sources */ = {isa = PBXBuildFile; fileRef = 3220AB592B06659000C9CA72 /* NasaDataViewModel.swift */; };
		322156B92B08CC1E00974156 /* UserProfileView.swift in Sources */ = {isa = PBXBuildFile; fileRef = 322156B82B08CC1E00974156 /* UserProfileView.swift */; };
		3221E65B2B2EEA0200711206 /* YouTubePlayer.swift in Sources */ = {isa = PBXBuildFile; fileRef = 3221E65A2B2EEA0200711206 /* YouTubePlayer.swift */; };
		3221E65D2B2EF8A300711206 /* TwoAuthView.swift in Sources */ = {isa = PBXBuildFile; fileRef = 3221E65C2B2EF8A300711206 /* TwoAuthView.swift */; };
		3269F9EC2B067D68004E5AFF /* NasaView.swift in Sources */ = {isa = PBXBuildFile; fileRef = 3269F9EB2B067D68004E5AFF /* NasaView.swift */; };
		32B06D4B2AE2EBDF00E8A04B /* MainViewModel.swift in Sources */ = {isa = PBXBuildFile; fileRef = 32B06D4A2AE2EBDF00E8A04B /* MainViewModel.swift */; };
		32B06D4D2AE2F99600E8A04B /* TokenManager.swift in Sources */ = {isa = PBXBuildFile; fileRef = 32B06D4C2AE2F99600E8A04B /* TokenManager.swift */; };
		32B06D512AE3008200E8A04B /* APIConstants.swift in Sources */ = {isa = PBXBuildFile; fileRef = 32B06D502AE3008200E8A04B /* APIConstants.swift */; };
		32E055BC2B08327600AAC771 /* UserData.swift in Sources */ = {isa = PBXBuildFile; fileRef = 32E055BB2B08327600AAC771 /* UserData.swift */; };
		32EC4B7E2AE08CCD001E3605 /* CustomTextFieldStyle.swift in Sources */ = {isa = PBXBuildFile; fileRef = 32EC4B7D2AE08CCD001E3605 /* CustomTextFieldStyle.swift */; };
		32EC4B802AE08D01001E3605 /* LoginRequest.swift in Sources */ = {isa = PBXBuildFile; fileRef = 32EC4B7F2AE08D01001E3605 /* LoginRequest.swift */; };
		32EC4B822AE08D19001E3605 /* RegisterRequest.swift in Sources */ = {isa = PBXBuildFile; fileRef = 32EC4B812AE08D19001E3605 /* RegisterRequest.swift */; };
/* End PBXBuildFile section */

/* Begin PBXFileReference section */
		3207E2852ADE974B00C010B3 /* WeatherView.swift */ = {isa = PBXFileReference; lastKnownFileType = sourcecode.swift; path = WeatherView.swift; sourceTree = "<group>"; };
		3207E28A2ADE9A8C00C010B3 /* LoginView.swift */ = {isa = PBXFileReference; lastKnownFileType = sourcecode.swift; path = LoginView.swift; sourceTree = "<group>"; };
		3207E28C2ADE9A9300C010B3 /* SignView.swift */ = {isa = PBXFileReference; lastKnownFileType = sourcecode.swift; path = SignView.swift; sourceTree = "<group>"; };
		320CAF402ADBCEDD00C509DF /* WeatherData.swift */ = {isa = PBXFileReference; lastKnownFileType = sourcecode.swift; path = WeatherData.swift; sourceTree = "<group>"; };
		320CAF432ADBCF2A00C509DF /* WeatherDataViewModel.swift */ = {isa = PBXFileReference; lastKnownFileType = sourcecode.swift; path = WeatherDataViewModel.swift; sourceTree = "<group>"; };
		320CAF452ADBCF4A00C509DF /* WeatherDataFieldView.swift */ = {isa = PBXFileReference; lastKnownFileType = sourcecode.swift; path = WeatherDataFieldView.swift; sourceTree = "<group>"; };
		3210C9F52AE30B8B008BC285 /* LoadingView.swift */ = {isa = PBXFileReference; lastKnownFileType = sourcecode.swift; path = LoadingView.swift; sourceTree = "<group>"; };
		3216FC3C2AB5A57900C29CB3 /* Kursash.app */ = {isa = PBXFileReference; explicitFileType = wrapper.application; includeInIndex = 0; path = Kursash.app; sourceTree = BUILT_PRODUCTS_DIR; };
		3216FC3F2AB5A57900C29CB3 /* KursashApp.swift */ = {isa = PBXFileReference; lastKnownFileType = sourcecode.swift; path = KursashApp.swift; sourceTree = "<group>"; };
		3216FC412AB5A57900C29CB3 /* ContentView.swift */ = {isa = PBXFileReference; lastKnownFileType = sourcecode.swift; path = ContentView.swift; sourceTree = "<group>"; };
		3216FC432AB5A57A00C29CB3 /* Assets.xcassets */ = {isa = PBXFileReference; lastKnownFileType = folder.assetcatalog; path = Assets.xcassets; sourceTree = "<group>"; };
		3216FC462AB5A57A00C29CB3 /* Preview Assets.xcassets */ = {isa = PBXFileReference; lastKnownFileType = folder.assetcatalog; path = "Preview Assets.xcassets"; sourceTree = "<group>"; };
		3220AB572B06650700C9CA72 /* NasaData.swift */ = {isa = PBXFileReference; lastKnownFileType = sourcecode.swift; path = NasaData.swift; sourceTree = "<group>"; };
		3220AB592B06659000C9CA72 /* NasaDataViewModel.swift */ = {isa = PBXFileReference; lastKnownFileType = sourcecode.swift; path = NasaDataViewModel.swift; sourceTree = "<group>"; };
		322156B82B08CC1E00974156 /* UserProfileView.swift */ = {isa = PBXFileReference; lastKnownFileType = sourcecode.swift; path = UserProfileView.swift; sourceTree = "<group>"; };
		3221E65A2B2EEA0200711206 /* YouTubePlayer.swift */ = {isa = PBXFileReference; lastKnownFileType = sourcecode.swift; path = YouTubePlayer.swift; sourceTree = "<group>"; };
		3221E65C2B2EF8A300711206 /* TwoAuthView.swift */ = {isa = PBXFileReference; lastKnownFileType = sourcecode.swift; path = TwoAuthView.swift; sourceTree = "<group>"; };
		3269F9EB2B067D68004E5AFF /* NasaView.swift */ = {isa = PBXFileReference; lastKnownFileType = sourcecode.swift; path = NasaView.swift; sourceTree = "<group>"; };
		32B06D4A2AE2EBDF00E8A04B /* MainViewModel.swift */ = {isa = PBXFileReference; lastKnownFileType = sourcecode.swift; path = MainViewModel.swift; sourceTree = "<group>"; };
		32B06D4C2AE2F99600E8A04B /* TokenManager.swift */ = {isa = PBXFileReference; lastKnownFileType = sourcecode.swift; path = TokenManager.swift; sourceTree = "<group>"; };
		32B06D502AE3008200E8A04B /* APIConstants.swift */ = {isa = PBXFileReference; lastKnownFileType = sourcecode.swift; path = APIConstants.swift; sourceTree = "<group>"; };
		32E055BB2B08327600AAC771 /* UserData.swift */ = {isa = PBXFileReference; lastKnownFileType = sourcecode.swift; path = UserData.swift; sourceTree = "<group>"; };
		32EC4B7D2AE08CCD001E3605 /* CustomTextFieldStyle.swift */ = {isa = PBXFileReference; lastKnownFileType = sourcecode.swift; path = CustomTextFieldStyle.swift; sourceTree = "<group>"; };
		32EC4B7F2AE08D01001E3605 /* LoginRequest.swift */ = {isa = PBXFileReference; lastKnownFileType = sourcecode.swift; path = LoginRequest.swift; sourceTree = "<group>"; };
		32EC4B812AE08D19001E3605 /* RegisterRequest.swift */ = {isa = PBXFileReference; lastKnownFileType = sourcecode.swift; path = RegisterRequest.swift; sourceTree = "<group>"; };
/* End PBXFileReference section */

/* Begin PBXFrameworksBuildPhase section */
		3216FC392AB5A57900C29CB3 /* Frameworks */ = {
			isa = PBXFrameworksBuildPhase;
			buildActionMask = 2147483647;
			files = (
			);
			runOnlyForDeploymentPostprocessing = 0;
		};
/* End PBXFrameworksBuildPhase section */

/* Begin PBXGroup section */
		3207E2872ADE9A2B00C010B3 /* Auth */ = {
			isa = PBXGroup;
			children = (
				3207E28A2ADE9A8C00C010B3 /* LoginView.swift */,
				3207E28C2ADE9A9300C010B3 /* SignView.swift */,
				32EC4B7D2AE08CCD001E3605 /* CustomTextFieldStyle.swift */,
				3221E65C2B2EF8A300711206 /* TwoAuthView.swift */,
			);
			path = Auth;
			sourceTree = "<group>";
		};
		3207E2892ADE9A4D00C010B3 /* Account */ = {
			isa = PBXGroup;
			children = (
				322156B82B08CC1E00974156 /* UserProfileView.swift */,
			);
			path = Account;
			sourceTree = "<group>";
		};
		320CAF422ADBCF1D00C509DF /* ViewModel */ = {
			isa = PBXGroup;
			children = (
				320CAF432ADBCF2A00C509DF /* WeatherDataViewModel.swift */,
				32EC4B7F2AE08D01001E3605 /* LoginRequest.swift */,
				32EC4B812AE08D19001E3605 /* RegisterRequest.swift */,
				32B06D4A2AE2EBDF00E8A04B /* MainViewModel.swift */,
				32B06D4C2AE2F99600E8A04B /* TokenManager.swift */,
				3220AB592B06659000C9CA72 /* NasaDataViewModel.swift */,
			);
			path = ViewModel;
			sourceTree = "<group>";
		};
		3216FC332AB5A57900C29CB3 = {
			isa = PBXGroup;
			children = (
				3216FC3E2AB5A57900C29CB3 /* Kursash */,
				3216FC3D2AB5A57900C29CB3 /* Products */,
			);
			sourceTree = "<group>";
		};
		3216FC3D2AB5A57900C29CB3 /* Products */ = {
			isa = PBXGroup;
			children = (
				3216FC3C2AB5A57900C29CB3 /* Kursash.app */,
			);
			name = Products;
			sourceTree = "<group>";
		};
		3216FC3E2AB5A57900C29CB3 /* Kursash */ = {
			isa = PBXGroup;
			children = (
				320CAF422ADBCF1D00C509DF /* ViewModel */,
				3216FC512AB5AB0900C29CB3 /* Model */,
				3216FC502AB5AB0400C29CB3 /* View */,
				3216FC412AB5A57900C29CB3 /* ContentView.swift */,
				3216FC3F2AB5A57900C29CB3 /* KursashApp.swift */,
				3216FC432AB5A57A00C29CB3 /* Assets.xcassets */,
				3216FC452AB5A57A00C29CB3 /* Preview Content */,
			);
			path = Kursash;
			sourceTree = "<group>";
		};
		3216FC452AB5A57A00C29CB3 /* Preview Content */ = {
			isa = PBXGroup;
			children = (
				3216FC462AB5A57A00C29CB3 /* Preview Assets.xcassets */,
			);
			path = "Preview Content";
			sourceTree = "<group>";
		};
		3216FC502AB5AB0400C29CB3 /* View */ = {
			isa = PBXGroup;
			children = (
				3210C9F52AE30B8B008BC285 /* LoadingView.swift */,
				3269F9EA2B067D4F004E5AFF /* Nasa */,
				329514B12AC4539500A0F176 /* Weather */,
				3207E2872ADE9A2B00C010B3 /* Auth */,
				3207E2892ADE9A4D00C010B3 /* Account */,
			);
			path = View;
			sourceTree = "<group>";
		};
		3216FC512AB5AB0900C29CB3 /* Model */ = {
			isa = PBXGroup;
			children = (
				3221E65A2B2EEA0200711206 /* YouTubePlayer.swift */,
				32B06D502AE3008200E8A04B /* APIConstants.swift */,
				320CAF402ADBCEDD00C509DF /* WeatherData.swift */,
				3220AB572B06650700C9CA72 /* NasaData.swift */,
				32E055BB2B08327600AAC771 /* UserData.swift */,
			);
			path = Model;
			sourceTree = "<group>";
		};
		3269F9EA2B067D4F004E5AFF /* Nasa */ = {
			isa = PBXGroup;
			children = (
				3269F9EB2B067D68004E5AFF /* NasaView.swift */,
			);
			path = Nasa;
			sourceTree = "<group>";
		};
		329514B12AC4539500A0F176 /* Weather */ = {
			isa = PBXGroup;
			children = (
				320CAF452ADBCF4A00C509DF /* WeatherDataFieldView.swift */,
				3207E2852ADE974B00C010B3 /* WeatherView.swift */,
			);
			path = Weather;
			sourceTree = "<group>";
		};
/* End PBXGroup section */

/* Begin PBXNativeTarget section */
		3216FC3B2AB5A57900C29CB3 /* Kursash */ = {
			isa = PBXNativeTarget;
			buildConfigurationList = 3216FC4A2AB5A57A00C29CB3 /* Build configuration list for PBXNativeTarget "Kursash" */;
			buildPhases = (
				3216FC382AB5A57900C29CB3 /* Sources */,
				3216FC392AB5A57900C29CB3 /* Frameworks */,
				3216FC3A2AB5A57900C29CB3 /* Resources */,
			);
			buildRules = (
			);
			dependencies = (
			);
			name = Kursash;
			packageProductDependencies = (
			);
			productName = Kursash;
			productReference = 3216FC3C2AB5A57900C29CB3 /* Kursash.app */;
			productType = "com.apple.product-type.application";
		};
/* End PBXNativeTarget section */

/* Begin PBXProject section */
		3216FC342AB5A57900C29CB3 /* Project object */ = {
			isa = PBXProject;
			attributes = {
				BuildIndependentTargetsInParallel = 1;
				LastSwiftUpdateCheck = 1430;
				LastUpgradeCheck = 1500;
				TargetAttributes = {
					3216FC3B2AB5A57900C29CB3 = {
						CreatedOnToolsVersion = 14.3.1;
					};
				};
			};
			buildConfigurationList = 3216FC372AB5A57900C29CB3 /* Build configuration list for PBXProject "Kursash" */;
			compatibilityVersion = "Xcode 14.0";
			developmentRegion = en;
			hasScannedForEncodings = 0;
			knownRegions = (
				en,
				Base,
			);
			mainGroup = 3216FC332AB5A57900C29CB3;
			packageReferences = (
			);
			productRefGroup = 3216FC3D2AB5A57900C29CB3 /* Products */;
			projectDirPath = "";
			projectRoot = "";
			targets = (
				3216FC3B2AB5A57900C29CB3 /* Kursash */,
			);
		};
/* End PBXProject section */

/* Begin PBXResourcesBuildPhase section */
		3216FC3A2AB5A57900C29CB3 /* Resources */ = {
			isa = PBXResourcesBuildPhase;
			buildActionMask = 2147483647;
			files = (
				3216FC472AB5A57A00C29CB3 /* Preview Assets.xcassets in Resources */,
				3216FC442AB5A57A00C29CB3 /* Assets.xcassets in Resources */,
			);
			runOnlyForDeploymentPostprocessing = 0;
		};
/* End PBXResourcesBuildPhase section */

/* Begin PBXSourcesBuildPhase section */
		3216FC382AB5A57900C29CB3 /* Sources */ = {
			isa = PBXSourcesBuildPhase;
			buildActionMask = 2147483647;
			files = (
				320CAF462ADBCF4A00C509DF /* WeatherDataFieldView.swift in Sources */,
				3221E65D2B2EF8A300711206 /* TwoAuthView.swift in Sources */,
				3221E65B2B2EEA0200711206 /* YouTubePlayer.swift in Sources */,
				3220AB582B06650700C9CA72 /* NasaData.swift in Sources */,
				32EC4B822AE08D19001E3605 /* RegisterRequest.swift in Sources */,
				3207E28B2ADE9A8C00C010B3 /* LoginView.swift in Sources */,
				3216FC422AB5A57900C29CB3 /* ContentView.swift in Sources */,
				32EC4B802AE08D01001E3605 /* LoginRequest.swift in Sources */,
				322156B92B08CC1E00974156 /* UserProfileView.swift in Sources */,
				3210C9F62AE30B8B008BC285 /* LoadingView.swift in Sources */,
				3216FC402AB5A57900C29CB3 /* KursashApp.swift in Sources */,
				32E055BC2B08327600AAC771 /* UserData.swift in Sources */,
				3207E2862ADE974B00C010B3 /* WeatherView.swift in Sources */,
				32EC4B7E2AE08CCD001E3605 /* CustomTextFieldStyle.swift in Sources */,
				32B06D4D2AE2F99600E8A04B /* TokenManager.swift in Sources */,
				3207E28D2ADE9A9300C010B3 /* SignView.swift in Sources */,
				320CAF442ADBCF2A00C509DF /* WeatherDataViewModel.swift in Sources */,
				32B06D512AE3008200E8A04B /* APIConstants.swift in Sources */,
				3269F9EC2B067D68004E5AFF /* NasaView.swift in Sources */,
				320CAF412ADBCEDD00C509DF /* WeatherData.swift in Sources */,
				32B06D4B2AE2EBDF00E8A04B /* MainViewModel.swift in Sources */,
				3220AB5A2B06659000C9CA72 /* NasaDataViewModel.swift in Sources */,
			);
			runOnlyForDeploymentPostprocessing = 0;
		};
/* End PBXSourcesBuildPhase section */

/* Begin XCBuildConfiguration section */
		3216FC482AB5A57A00C29CB3 /* Debug */ = {
			isa = XCBuildConfiguration;
			buildSettings = {
				ALWAYS_SEARCH_USER_PATHS = NO;
				CLANG_ANALYZER_NONNULL = YES;
				CLANG_ANALYZER_NUMBER_OBJECT_CONVERSION = YES_AGGRESSIVE;
				CLANG_CXX_LANGUAGE_STANDARD = "gnu++20";
				CLANG_ENABLE_MODULES = YES;
				CLANG_ENABLE_OBJC_ARC = YES;
				CLANG_ENABLE_OBJC_WEAK = YES;
				CLANG_WARN_BLOCK_CAPTURE_AUTORELEASING = YES;
				CLANG_WARN_BOOL_CONVERSION = YES;
				CLANG_WARN_COMMA = YES;
				CLANG_WARN_CONSTANT_CONVERSION = YES;
				CLANG_WARN_DEPRECATED_OBJC_IMPLEMENTATIONS = YES;
				CLANG_WARN_DIRECT_OBJC_ISA_USAGE = YES_ERROR;
				CLANG_WARN_DOCUMENTATION_COMMENTS = YES;
				CLANG_WARN_EMPTY_BODY = YES;
				CLANG_WARN_ENUM_CONVERSION = YES;
				CLANG_WARN_INFINITE_RECURSION = YES;
				CLANG_WARN_INT_CONVERSION = YES;
				CLANG_WARN_NON_LITERAL_NULL_CONVERSION = YES;
				CLANG_WARN_OBJC_IMPLICIT_RETAIN_SELF = YES;
				CLANG_WARN_OBJC_LITERAL_CONVERSION = YES;
				CLANG_WARN_OBJC_ROOT_CLASS = YES_ERROR;
				CLANG_WARN_QUOTED_INCLUDE_IN_FRAMEWORK_HEADER = YES;
				CLANG_WARN_RANGE_LOOP_ANALYSIS = YES;
				CLANG_WARN_STRICT_PROTOTYPES = YES;
				CLANG_WARN_SUSPICIOUS_MOVE = YES;
				CLANG_WARN_UNGUARDED_AVAILABILITY = YES_AGGRESSIVE;
				CLANG_WARN_UNREACHABLE_CODE = YES;
				CLANG_WARN__DUPLICATE_METHOD_MATCH = YES;
				COPY_PHASE_STRIP = NO;
				DEBUG_INFORMATION_FORMAT = dwarf;
				ENABLE_STRICT_OBJC_MSGSEND = YES;
				ENABLE_TESTABILITY = YES;
				ENABLE_USER_SCRIPT_SANDBOXING = YES;
				GCC_C_LANGUAGE_STANDARD = gnu11;
				GCC_DYNAMIC_NO_PIC = NO;
				GCC_NO_COMMON_BLOCKS = YES;
				GCC_OPTIMIZATION_LEVEL = 0;
				GCC_PREPROCESSOR_DEFINITIONS = (
					"DEBUG=1",
					"$(inherited)",
				);
				GCC_WARN_64_TO_32_BIT_CONVERSION = YES;
				GCC_WARN_ABOUT_RETURN_TYPE = YES_ERROR;
				GCC_WARN_UNDECLARED_SELECTOR = YES;
				GCC_WARN_UNINITIALIZED_AUTOS = YES_AGGRESSIVE;
				GCC_WARN_UNUSED_FUNCTION = YES;
				GCC_WARN_UNUSED_VARIABLE = YES;
				IPHONEOS_DEPLOYMENT_TARGET = 16.4;
				MTL_ENABLE_DEBUG_INFO = INCLUDE_SOURCE;
				MTL_FAST_MATH = YES;
				ONLY_ACTIVE_ARCH = YES;
				SDKROOT = iphoneos;
				SWIFT_ACTIVE_COMPILATION_CONDITIONS = DEBUG;
				SWIFT_OPTIMIZATION_LEVEL = "-Onone";
			};
			name = Debug;
		};
		3216FC492AB5A57A00C29CB3 /* Release */ = {
			isa = XCBuildConfiguration;
			buildSettings = {
				ALWAYS_SEARCH_USER_PATHS = NO;
				CLANG_ANALYZER_NONNULL = YES;
				CLANG_ANALYZER_NUMBER_OBJECT_CONVERSION = YES_AGGRESSIVE;
				CLANG_CXX_LANGUAGE_STANDARD = "gnu++20";
				CLANG_ENABLE_MODULES = YES;
				CLANG_ENABLE_OBJC_ARC = YES;
				CLANG_ENABLE_OBJC_WEAK = YES;
				CLANG_WARN_BLOCK_CAPTURE_AUTORELEASING = YES;
				CLANG_WARN_BOOL_CONVERSION = YES;
				CLANG_WARN_COMMA = YES;
				CLANG_WARN_CONSTANT_CONVERSION = YES;
				CLANG_WARN_DEPRECATED_OBJC_IMPLEMENTATIONS = YES;
				CLANG_WARN_DIRECT_OBJC_ISA_USAGE = YES_ERROR;
				CLANG_WARN_DOCUMENTATION_COMMENTS = YES;
				CLANG_WARN_EMPTY_BODY = YES;
				CLANG_WARN_ENUM_CONVERSION = YES;
				CLANG_WARN_INFINITE_RECURSION = YES;
				CLANG_WARN_INT_CONVERSION = YES;
				CLANG_WARN_NON_LITERAL_NULL_CONVERSION = YES;
				CLANG_WARN_OBJC_IMPLICIT_RETAIN_SELF = YES;
				CLANG_WARN_OBJC_LITERAL_CONVERSION = YES;
				CLANG_WARN_OBJC_ROOT_CLASS = YES_ERROR;
				CLANG_WARN_QUOTED_INCLUDE_IN_FRAMEWORK_HEADER = YES;
				CLANG_WARN_RANGE_LOOP_ANALYSIS = YES;
				CLANG_WARN_STRICT_PROTOTYPES = YES;
				CLANG_WARN_SUSPICIOUS_MOVE = YES;
				CLANG_WARN_UNGUARDED_AVAILABILITY = YES_AGGRESSIVE;
				CLANG_WARN_UNREACHABLE_CODE = YES;
				CLANG_WARN__DUPLICATE_METHOD_MATCH = YES;
				COPY_PHASE_STRIP = NO;
				DEBUG_INFORMATION_FORMAT = "dwarf-with-dsym";
				ENABLE_NS_ASSERTIONS = NO;
				ENABLE_STRICT_OBJC_MSGSEND = YES;
				ENABLE_USER_SCRIPT_SANDBOXING = YES;
				GCC_C_LANGUAGE_STANDARD = gnu11;
				GCC_NO_COMMON_BLOCKS = YES;
				GCC_WARN_64_TO_32_BIT_CONVERSION = YES;
				GCC_WARN_ABOUT_RETURN_TYPE = YES_ERROR;
				GCC_WARN_UNDECLARED_SELECTOR = YES;
				GCC_WARN_UNINITIALIZED_AUTOS = YES_AGGRESSIVE;
				GCC_WARN_UNUSED_FUNCTION = YES;
				GCC_WARN_UNUSED_VARIABLE = YES;
				IPHONEOS_DEPLOYMENT_TARGET = 16.4;
				MTL_ENABLE_DEBUG_INFO = NO;
				MTL_FAST_MATH = YES;
				SDKROOT = iphoneos;
				SWIFT_COMPILATION_MODE = wholemodule;
				SWIFT_OPTIMIZATION_LEVEL = "-O";
				VALIDATE_PRODUCT = YES;
			};
			name = Release;
		};
		3216FC4B2AB5A57A00C29CB3 /* Debug */ = {
			isa = XCBuildConfiguration;
			buildSettings = {
				ASSETCATALOG_COMPILER_APPICON_NAME = AppIcon;
				ASSETCATALOG_COMPILER_GLOBAL_ACCENT_COLOR_NAME = AccentColor;
				CODE_SIGN_STYLE = Automatic;
				CURRENT_PROJECT_VERSION = 1;
				DEVELOPMENT_ASSET_PATHS = "\"Kursash/Preview Content\"";
				DEVELOPMENT_TEAM = Q7HLS9L7NM;
				ENABLE_PREVIEWS = YES;
				GENERATE_INFOPLIST_FILE = YES;
				INFOPLIST_KEY_UIApplicationSceneManifest_Generation = YES;
				INFOPLIST_KEY_UIApplicationSupportsIndirectInputEvents = YES;
				INFOPLIST_KEY_UILaunchScreen_Generation = YES;
				INFOPLIST_KEY_UISupportedInterfaceOrientations_iPad = "UIInterfaceOrientationPortrait UIInterfaceOrientationPortraitUpsideDown UIInterfaceOrientationLandscapeLeft UIInterfaceOrientationLandscapeRight";
				INFOPLIST_KEY_UISupportedInterfaceOrientations_iPhone = "UIInterfaceOrientationPortrait UIInterfaceOrientationLandscapeLeft UIInterfaceOrientationLandscapeRight";
				IPHONEOS_DEPLOYMENT_TARGET = 17.0;
				LD_RUNPATH_SEARCH_PATHS = (
					"$(inherited)",
					"@executable_path/Frameworks",
				);
				MARKETING_VERSION = 1.0;
				PRODUCT_BUNDLE_IDENTIFIER = com.gadji.Kursash;
				PRODUCT_NAME = "$(TARGET_NAME)";
				SUPPORTED_PLATFORMS = "iphoneos iphonesimulator";
				SUPPORTS_MACCATALYST = NO;
				SUPPORTS_MAC_DESIGNED_FOR_IPHONE_IPAD = NO;
				SWIFT_EMIT_LOC_STRINGS = YES;
				SWIFT_VERSION = 5.0;
				TARGETED_DEVICE_FAMILY = 1;
			};
			name = Debug;
		};
		3216FC4C2AB5A57A00C29CB3 /* Release */ = {
			isa = XCBuildConfiguration;
			buildSettings = {
				ASSETCATALOG_COMPILER_APPICON_NAME = AppIcon;
				ASSETCATALOG_COMPILER_GLOBAL_ACCENT_COLOR_NAME = AccentColor;
				CODE_SIGN_STYLE = Automatic;
				CURRENT_PROJECT_VERSION = 1;
				DEVELOPMENT_ASSET_PATHS = "\"Kursash/Preview Content\"";
				DEVELOPMENT_TEAM = Q7HLS9L7NM;
				ENABLE_PREVIEWS = YES;
				GENERATE_INFOPLIST_FILE = YES;
				INFOPLIST_KEY_UIApplicationSceneManifest_Generation = YES;
				INFOPLIST_KEY_UIApplicationSupportsIndirectInputEvents = YES;
				INFOPLIST_KEY_UILaunchScreen_Generation = YES;
				INFOPLIST_KEY_UISupportedInterfaceOrientations_iPad = "UIInterfaceOrientationPortrait UIInterfaceOrientationPortraitUpsideDown UIInterfaceOrientationLandscapeLeft UIInterfaceOrientationLandscapeRight";
				INFOPLIST_KEY_UISupportedInterfaceOrientations_iPhone = "UIInterfaceOrientationPortrait UIInterfaceOrientationLandscapeLeft UIInterfaceOrientationLandscapeRight";
				IPHONEOS_DEPLOYMENT_TARGET = 17.0;
				LD_RUNPATH_SEARCH_PATHS = (
					"$(inherited)",
					"@executable_path/Frameworks",
				);
				MARKETING_VERSION = 1.0;
				PRODUCT_BUNDLE_IDENTIFIER = com.gadji.Kursash;
				PRODUCT_NAME = "$(TARGET_NAME)";
				SUPPORTED_PLATFORMS = "iphoneos iphonesimulator";
				SUPPORTS_MACCATALYST = NO;
				SUPPORTS_MAC_DESIGNED_FOR_IPHONE_IPAD = NO;
				SWIFT_EMIT_LOC_STRINGS = YES;
				SWIFT_VERSION = 5.0;
				TARGETED_DEVICE_FAMILY = 1;
			};
			name = Release;
		};
/* End XCBuildConfiguration section */

/* Begin XCConfigurationList section */
		3216FC372AB5A57900C29CB3 /* Build configuration list for PBXProject "Kursash" */ = {
			isa = XCConfigurationList;
			buildConfigurations = (
				3216FC482AB5A57A00C29CB3 /* Debug */,
				3216FC492AB5A57A00C29CB3 /* Release */,
			);
			defaultConfigurationIsVisible = 0;
			defaultConfigurationName = Release;
		};
		3216FC4A2AB5A57A00C29CB3 /* Build configuration list for PBXNativeTarget "Kursash" */ = {
			isa = XCConfigurationList;
			buildConfigurations = (
				3216FC4B2AB5A57A00C29CB3 /* Debug */,
				3216FC4C2AB5A57A00C29CB3 /* Release */,
			);
			defaultConfigurationIsVisible = 0;
			defaultConfigurationName = Release;
		};
/* End XCConfigurationList section */
	};
	rootObject = 3216FC342AB5A57900C29CB3 /* Project object */;
}
