// !$*UTF8*$!
{
	archiveVersion = 1;
	classes = {
	};
	objectVersion = 56;
	objects = {

/* Begin PBXBuildFile section */
		3216FC402AB5A57900C29CB3 /* KursashApp.swift in Sources */ = {isa = PBXBuildFile; fileRef = 3216FC3F2AB5A57900C29CB3 /* KursashApp.swift */; };
		3216FC422AB5A57900C29CB3 /* ContentView.swift in Sources */ = {isa = PBXBuildFile; fileRef = 3216FC412AB5A57900C29CB3 /* ContentView.swift */; };
		3216FC442AB5A57A00C29CB3 /* Assets.xcassets in Resources */ = {isa = PBXBuildFile; fileRef = 3216FC432AB5A57A00C29CB3 /* Assets.xcassets */; };
		3216FC472AB5A57A00C29CB3 /* Preview Assets.xcassets in Resources */ = {isa = PBXBuildFile; fileRef = 3216FC462AB5A57A00C29CB3 /* Preview Assets.xcassets */; };
		3216FC4E2AB5A6F200C29CB3 /* InitialUserView.swift in Sources */ = {isa = PBXBuildFile; fileRef = 3216FC4D2AB5A6F200C29CB3 /* InitialUserView.swift */; };
		3216FC532AB5AB3400C29CB3 /* RegistrationUserView.swift in Sources */ = {isa = PBXBuildFile; fileRef = 3216FC522AB5AB3400C29CB3 /* RegistrationUserView.swift */; };
		329514B32AC453A300A0F176 /* WeatherView.swift in Sources */ = {isa = PBXBuildFile; fileRef = 329514B22AC453A300A0F176 /* WeatherView.swift */; };
		32A98A212AB862E80032223B /* NewsView.swift in Sources */ = {isa = PBXBuildFile; fileRef = 32A98A202AB862E80032223B /* NewsView.swift */; };
		32A98A232AB862FC0032223B /* NewsViewItem.swift in Sources */ = {isa = PBXBuildFile; fileRef = 32A98A222AB862FC0032223B /* NewsViewItem.swift */; };
		32EB0FE62AC199AA00028CDE /* test.swift in Sources */ = {isa = PBXBuildFile; fileRef = 32EB0FE52AC199AA00028CDE /* test.swift */; };
/* End PBXBuildFile section */

/* Begin PBXFileReference section */
		3216FC3C2AB5A57900C29CB3 /* Kursash.app */ = {isa = PBXFileReference; explicitFileType = wrapper.application; includeInIndex = 0; path = Kursash.app; sourceTree = BUILT_PRODUCTS_DIR; };
		3216FC3F2AB5A57900C29CB3 /* KursashApp.swift */ = {isa = PBXFileReference; lastKnownFileType = sourcecode.swift; path = KursashApp.swift; sourceTree = "<group>"; };
		3216FC412AB5A57900C29CB3 /* ContentView.swift */ = {isa = PBXFileReference; lastKnownFileType = sourcecode.swift; path = ContentView.swift; sourceTree = "<group>"; };
		3216FC432AB5A57A00C29CB3 /* Assets.xcassets */ = {isa = PBXFileReference; lastKnownFileType = folder.assetcatalog; path = Assets.xcassets; sourceTree = "<group>"; };
		3216FC462AB5A57A00C29CB3 /* Preview Assets.xcassets */ = {isa = PBXFileReference; lastKnownFileType = folder.assetcatalog; path = "Preview Assets.xcassets"; sourceTree = "<group>"; };
		3216FC4D2AB5A6F200C29CB3 /* InitialUserView.swift */ = {isa = PBXFileReference; lastKnownFileType = sourcecode.swift; path = InitialUserView.swift; sourceTree = "<group>"; };
		3216FC522AB5AB3400C29CB3 /* RegistrationUserView.swift */ = {isa = PBXFileReference; lastKnownFileType = sourcecode.swift; path = RegistrationUserView.swift; sourceTree = "<group>"; };
		329514B22AC453A300A0F176 /* WeatherView.swift */ = {isa = PBXFileReference; lastKnownFileType = sourcecode.swift; path = WeatherView.swift; sourceTree = "<group>"; };
		32A98A202AB862E80032223B /* NewsView.swift */ = {isa = PBXFileReference; lastKnownFileType = sourcecode.swift; path = NewsView.swift; sourceTree = "<group>"; };
		32A98A222AB862FC0032223B /* NewsViewItem.swift */ = {isa = PBXFileReference; lastKnownFileType = sourcecode.swift; path = NewsViewItem.swift; sourceTree = "<group>"; };
		32EB0FE52AC199AA00028CDE /* test.swift */ = {isa = PBXFileReference; lastKnownFileType = sourcecode.swift; path = test.swift; sourceTree = "<group>"; };
/* End PBXFileReference section */

/* Begin PBXFrameworksBuildPhase section */
		3216FC392AB5A57900C29CB3 /* Frameworks */ = {
			isa = PBXFrameworksBuildPhase;
			buildActionMask = 2147483647;
			files = (
			);
			runOnlyForDeploymentPostprocessing = 0;
		};
/* End PBXFrameworksBuildPhase section */

/* Begin PBXGroup section */
		3216FC332AB5A57900C29CB3 = {
			isa = PBXGroup;
			children = (
				3216FC3E2AB5A57900C29CB3 /* Kursash */,
				3216FC3D2AB5A57900C29CB3 /* Products */,
			);
			sourceTree = "<group>";
		};
		3216FC3D2AB5A57900C29CB3 /* Products */ = {
			isa = PBXGroup;
			children = (
				3216FC3C2AB5A57900C29CB3 /* Kursash.app */,
			);
			name = Products;
			sourceTree = "<group>";
		};
		3216FC3E2AB5A57900C29CB3 /* Kursash */ = {
			isa = PBXGroup;
			children = (
				3216FC512AB5AB0900C29CB3 /* Model */,
				3216FC502AB5AB0400C29CB3 /* View */,
				3216FC3F2AB5A57900C29CB3 /* KursashApp.swift */,
				3216FC432AB5A57A00C29CB3 /* Assets.xcassets */,
				3216FC452AB5A57A00C29CB3 /* Preview Content */,
				32EB0FE52AC199AA00028CDE /* test.swift */,
			);
			path = Kursash;
			sourceTree = "<group>";
		};
		3216FC452AB5A57A00C29CB3 /* Preview Content */ = {
			isa = PBXGroup;
			children = (
				3216FC462AB5A57A00C29CB3 /* Preview Assets.xcassets */,
			);
			path = "Preview Content";
			sourceTree = "<group>";
		};
		3216FC4F2AB5AAEF00C29CB3 /* Initial User */ = {
			isa = PBXGroup;
			children = (
				3216FC4D2AB5A6F200C29CB3 /* InitialUserView.swift */,
				3216FC522AB5AB3400C29CB3 /* RegistrationUserView.swift */,
			);
			path = "Initial User";
			sourceTree = "<group>";
		};
		3216FC502AB5AB0400C29CB3 /* View */ = {
			isa = PBXGroup;
			children = (
				329514B12AC4539500A0F176 /* Weather */,
				3216FC412AB5A57900C29CB3 /* ContentView.swift */,
				32A98A1F2AB862DB0032223B /* News */,
				3216FC4F2AB5AAEF00C29CB3 /* Initial User */,
			);
			path = View;
			sourceTree = "<group>";
		};
		3216FC512AB5AB0900C29CB3 /* Model */ = {
			isa = PBXGroup;
			children = (
			);
			path = Model;
			sourceTree = "<group>";
		};
		329514B12AC4539500A0F176 /* Weather */ = {
			isa = PBXGroup;
			children = (
				329514B22AC453A300A0F176 /* WeatherView.swift */,
			);
			path = Weather;
			sourceTree = "<group>";
		};
		32A98A1F2AB862DB0032223B /* News */ = {
			isa = PBXGroup;
			children = (
				32A98A202AB862E80032223B /* NewsView.swift */,
				32A98A222AB862FC0032223B /* NewsViewItem.swift */,
			);
			path = News;
			sourceTree = "<group>";
		};
/* End PBXGroup section */

/* Begin PBXNativeTarget section */
		3216FC3B2AB5A57900C29CB3 /* Kursash */ = {
			isa = PBXNativeTarget;
			buildConfigurationList = 3216FC4A2AB5A57A00C29CB3 /* Build configuration list for PBXNativeTarget "Kursash" */;
			buildPhases = (
				3216FC382AB5A57900C29CB3 /* Sources */,
				3216FC392AB5A57900C29CB3 /* Frameworks */,
				3216FC3A2AB5A57900C29CB3 /* Resources */,
			);
			buildRules = (
			);
			dependencies = (
			);
			name = Kursash;
			productName = Kursash;
			productReference = 3216FC3C2AB5A57900C29CB3 /* Kursash.app */;
			productType = "com.apple.product-type.application";
		};
/* End PBXNativeTarget section */

/* Begin PBXProject section */
		3216FC342AB5A57900C29CB3 /* Project object */ = {
			isa = PBXProject;
			attributes = {
				BuildIndependentTargetsInParallel = 1;
				LastSwiftUpdateCheck = 1430;
				LastUpgradeCheck = 1500;
				TargetAttributes = {
					3216FC3B2AB5A57900C29CB3 = {
						CreatedOnToolsVersion = 14.3.1;
					};
				};
			};
			buildConfigurationList = 3216FC372AB5A57900C29CB3 /* Build configuration list for PBXProject "Kursash" */;
			compatibilityVersion = "Xcode 14.0";
			developmentRegion = en;
			hasScannedForEncodings = 0;
			knownRegions = (
				en,
				Base,
			);
			mainGroup = 3216FC332AB5A57900C29CB3;
			productRefGroup = 3216FC3D2AB5A57900C29CB3 /* Products */;
			projectDirPath = "";
			projectRoot = "";
			targets = (
				3216FC3B2AB5A57900C29CB3 /* Kursash */,
			);
		};
/* End PBXProject section */

/* Begin PBXResourcesBuildPhase section */
		3216FC3A2AB5A57900C29CB3 /* Resources */ = {
			isa = PBXResourcesBuildPhase;
			buildActionMask = 2147483647;
			files = (
				3216FC472AB5A57A00C29CB3 /* Preview Assets.xcassets in Resources */,
				3216FC442AB5A57A00C29CB3 /* Assets.xcassets in Resources */,
			);
			runOnlyForDeploymentPostprocessing = 0;
		};
/* End PBXResourcesBuildPhase section */

/* Begin PBXSourcesBuildPhase section */
		3216FC382AB5A57900C29CB3 /* Sources */ = {
			isa = PBXSourcesBuildPhase;
			buildActionMask = 2147483647;
			files = (
				3216FC422AB5A57900C29CB3 /* ContentView.swift in Sources */,
				3216FC402AB5A57900C29CB3 /* KursashApp.swift in Sources */,
				32A98A232AB862FC0032223B /* NewsViewItem.swift in Sources */,
				3216FC532AB5AB3400C29CB3 /* RegistrationUserView.swift in Sources */,
				32A98A212AB862E80032223B /* NewsView.swift in Sources */,
				3216FC4E2AB5A6F200C29CB3 /* InitialUserView.swift in Sources */,
				32EB0FE62AC199AA00028CDE /* test.swift in Sources */,
				329514B32AC453A300A0F176 /* WeatherView.swift in Sources */,
			);
			runOnlyForDeploymentPostprocessing = 0;
		};
/* End PBXSourcesBuildPhase section */

/* Begin XCBuildConfiguration section */
		3216FC482AB5A57A00C29CB3 /* Debug */ = {
			isa = XCBuildConfiguration;
			buildSettings = {
				ALWAYS_SEARCH_USER_PATHS = NO;
				CLANG_ANALYZER_NONNULL = YES;
				CLANG_ANALYZER_NUMBER_OBJECT_CONVERSION = YES_AGGRESSIVE;
				CLANG_CXX_LANGUAGE_STANDARD = "gnu++20";
				CLANG_ENABLE_MODULES = YES;
				CLANG_ENABLE_OBJC_ARC = YES;
				CLANG_ENABLE_OBJC_WEAK = YES;
				CLANG_WARN_BLOCK_CAPTURE_AUTORELEASING = YES;
				CLANG_WARN_BOOL_CONVERSION = YES;
				CLANG_WARN_COMMA = YES;
				CLANG_WARN_CONSTANT_CONVERSION = YES;
				CLANG_WARN_DEPRECATED_OBJC_IMPLEMENTATIONS = YES;
				CLANG_WARN_DIRECT_OBJC_ISA_USAGE = YES_ERROR;
				CLANG_WARN_DOCUMENTATION_COMMENTS = YES;
				CLANG_WARN_EMPTY_BODY = YES;
				CLANG_WARN_ENUM_CONVERSION = YES;
				CLANG_WARN_INFINITE_RECURSION = YES;
				CLANG_WARN_INT_CONVERSION = YES;
				CLANG_WARN_NON_LITERAL_NULL_CONVERSION = YES;
				CLANG_WARN_OBJC_IMPLICIT_RETAIN_SELF = YES;
				CLANG_WARN_OBJC_LITERAL_CONVERSION = YES;
				CLANG_WARN_OBJC_ROOT_CLASS = YES_ERROR;
				CLANG_WARN_QUOTED_INCLUDE_IN_FRAMEWORK_HEADER = YES;
				CLANG_WARN_RANGE_LOOP_ANALYSIS = YES;
				CLANG_WARN_STRICT_PROTOTYPES = YES;
				CLANG_WARN_SUSPICIOUS_MOVE = YES;
				CLANG_WARN_UNGUARDED_AVAILABILITY = YES_AGGRESSIVE;
				CLANG_WARN_UNREACHABLE_CODE = YES;
				CLANG_WARN__DUPLICATE_METHOD_MATCH = YES;
				COPY_PHASE_STRIP = NO;
				DEBUG_INFORMATION_FORMAT = dwarf;
				ENABLE_STRICT_OBJC_MSGSEND = YES;
				ENABLE_TESTABILITY = YES;
				ENABLE_USER_SCRIPT_SANDBOXING = YES;
				GCC_C_LANGUAGE_STANDARD = gnu11;
				GCC_DYNAMIC_NO_PIC = NO;
				GCC_NO_COMMON_BLOCKS = YES;
				GCC_OPTIMIZATION_LEVEL = 0;
				GCC_PREPROCESSOR_DEFINITIONS = (
					"DEBUG=1",
					"$(inherited)",
				);
				GCC_WARN_64_TO_32_BIT_CONVERSION = YES;
				GCC_WARN_ABOUT_RETURN_TYPE = YES_ERROR;
				GCC_WARN_UNDECLARED_SELECTOR = YES;
				GCC_WARN_UNINITIALIZED_AUTOS = YES_AGGRESSIVE;
				GCC_WARN_UNUSED_FUNCTION = YES;
				GCC_WARN_UNUSED_VARIABLE = YES;
				IPHONEOS_DEPLOYMENT_TARGET = 16.4;
				MTL_ENABLE_DEBUG_INFO = INCLUDE_SOURCE;
				MTL_FAST_MATH = YES;
				ONLY_ACTIVE_ARCH = YES;
				SDKROOT = iphoneos;
				SWIFT_ACTIVE_COMPILATION_CONDITIONS = DEBUG;
				SWIFT_OPTIMIZATION_LEVEL = "-Onone";
			};
			name = Debug;
		};
		3216FC492AB5A57A00C29CB3 /* Release */ = {
			isa = XCBuildConfiguration;
			buildSettings = {
				ALWAYS_SEARCH_USER_PATHS = NO;
				CLANG_ANALYZER_NONNULL = YES;
				CLANG_ANALYZER_NUMBER_OBJECT_CONVERSION = YES_AGGRESSIVE;
				CLANG_CXX_LANGUAGE_STANDARD = "gnu++20";
				CLANG_ENABLE_MODULES = YES;
				CLANG_ENABLE_OBJC_ARC = YES;
				CLANG_ENABLE_OBJC_WEAK = YES;
				CLANG_WARN_BLOCK_CAPTURE_AUTORELEASING = YES;
				CLANG_WARN_BOOL_CONVERSION = YES;
				CLANG_WARN_COMMA = YES;
				CLANG_WARN_CONSTANT_CONVERSION = YES;
				CLANG_WARN_DEPRECATED_OBJC_IMPLEMENTATIONS = YES;
				CLANG_WARN_DIRECT_OBJC_ISA_USAGE = YES_ERROR;
				CLANG_WARN_DOCUMENTATION_COMMENTS = YES;
				CLANG_WARN_EMPTY_BODY = YES;
				CLANG_WARN_ENUM_CONVERSION = YES;
				CLANG_WARN_INFINITE_RECURSION = YES;
				CLANG_WARN_INT_CONVERSION = YES;
				CLANG_WARN_NON_LITERAL_NULL_CONVERSION = YES;
				CLANG_WARN_OBJC_IMPLICIT_RETAIN_SELF = YES;
				CLANG_WARN_OBJC_LITERAL_CONVERSION = YES;
				CLANG_WARN_OBJC_ROOT_CLASS = YES_ERROR;
				CLANG_WARN_QUOTED_INCLUDE_IN_FRAMEWORK_HEADER = YES;
				CLANG_WARN_RANGE_LOOP_ANALYSIS = YES;
				CLANG_WARN_STRICT_PROTOTYPES = YES;
				CLANG_WARN_SUSPICIOUS_MOVE = YES;
				CLANG_WARN_UNGUARDED_AVAILABILITY = YES_AGGRESSIVE;
				CLANG_WARN_UNREACHABLE_CODE = YES;
				CLANG_WARN__DUPLICATE_METHOD_MATCH = YES;
				COPY_PHASE_STRIP = NO;
				DEBUG_INFORMATION_FORMAT = "dwarf-with-dsym";
				ENABLE_NS_ASSERTIONS = NO;
				ENABLE_STRICT_OBJC_MSGSEND = YES;
				ENABLE_USER_SCRIPT_SANDBOXING = YES;
				GCC_C_LANGUAGE_STANDARD = gnu11;
				GCC_NO_COMMON_BLOCKS = YES;
				GCC_WARN_64_TO_32_BIT_CONVERSION = YES;
				GCC_WARN_ABOUT_RETURN_TYPE = YES_ERROR;
				GCC_WARN_UNDECLARED_SELECTOR = YES;
				GCC_WARN_UNINITIALIZED_AUTOS = YES_AGGRESSIVE;
				GCC_WARN_UNUSED_FUNCTION = YES;
				GCC_WARN_UNUSED_VARIABLE = YES;
				IPHONEOS_DEPLOYMENT_TARGET = 16.4;
				MTL_ENABLE_DEBUG_INFO = NO;
				MTL_FAST_MATH = YES;
				SDKROOT = iphoneos;
				SWIFT_COMPILATION_MODE = wholemodule;
				SWIFT_OPTIMIZATION_LEVEL = "-O";
				VALIDATE_PRODUCT = YES;
			};
			name = Release;
		};
		3216FC4B2AB5A57A00C29CB3 /* Debug */ = {
			isa = XCBuildConfiguration;
			buildSettings = {
				ASSETCATALOG_COMPILER_APPICON_NAME = AppIcon;
				ASSETCATALOG_COMPILER_GLOBAL_ACCENT_COLOR_NAME = AccentColor;
				CODE_SIGN_STYLE = Automatic;
				CURRENT_PROJECT_VERSION = 1;
				DEVELOPMENT_ASSET_PATHS = "\"Kursash/Preview Content\"";
				DEVELOPMENT_TEAM = Q7HLS9L7NM;
				ENABLE_PREVIEWS = YES;
				GENERATE_INFOPLIST_FILE = YES;
				INFOPLIST_KEY_UIApplicationSceneManifest_Generation = YES;
				INFOPLIST_KEY_UIApplicationSupportsIndirectInputEvents = YES;
				INFOPLIST_KEY_UILaunchScreen_Generation = YES;
				INFOPLIST_KEY_UISupportedInterfaceOrientations_iPad = "UIInterfaceOrientationPortrait UIInterfaceOrientationPortraitUpsideDown UIInterfaceOrientationLandscapeLeft UIInterfaceOrientationLandscapeRight";
				INFOPLIST_KEY_UISupportedInterfaceOrientations_iPhone = "UIInterfaceOrientationPortrait UIInterfaceOrientationLandscapeLeft UIInterfaceOrientationLandscapeRight";
				IPHONEOS_DEPLOYMENT_TARGET = 17.0;
				LD_RUNPATH_SEARCH_PATHS = (
					"$(inherited)",
					"@executable_path/Frameworks",
				);
				MARKETING_VERSION = 1.0;
				PRODUCT_BUNDLE_IDENTIFIER = com.gadji.Kursash;
				PRODUCT_NAME = "$(TARGET_NAME)";
				SUPPORTED_PLATFORMS = "iphoneos iphonesimulator";
				SUPPORTS_MACCATALYST = NO;
				SUPPORTS_MAC_DESIGNED_FOR_IPHONE_IPAD = NO;
				SWIFT_EMIT_LOC_STRINGS = YES;
				SWIFT_VERSION = 5.0;
				TARGETED_DEVICE_FAMILY = "1,2";
			};
			name = Debug;
		};
		3216FC4C2AB5A57A00C29CB3 /* Release */ = {
			isa = XCBuildConfiguration;
			buildSettings = {
				ASSETCATALOG_COMPILER_APPICON_NAME = AppIcon;
				ASSETCATALOG_COMPILER_GLOBAL_ACCENT_COLOR_NAME = AccentColor;
				CODE_SIGN_STYLE = Automatic;
				CURRENT_PROJECT_VERSION = 1;
				DEVELOPMENT_ASSET_PATHS = "\"Kursash/Preview Content\"";
				DEVELOPMENT_TEAM = Q7HLS9L7NM;
				ENABLE_PREVIEWS = YES;
				GENERATE_INFOPLIST_FILE = YES;
				INFOPLIST_KEY_UIApplicationSceneManifest_Generation = YES;
				INFOPLIST_KEY_UIApplicationSupportsIndirectInputEvents = YES;
				INFOPLIST_KEY_UILaunchScreen_Generation = YES;
				INFOPLIST_KEY_UISupportedInterfaceOrientations_iPad = "UIInterfaceOrientationPortrait UIInterfaceOrientationPortraitUpsideDown UIInterfaceOrientationLandscapeLeft UIInterfaceOrientationLandscapeRight";
				INFOPLIST_KEY_UISupportedInterfaceOrientations_iPhone = "UIInterfaceOrientationPortrait UIInterfaceOrientationLandscapeLeft UIInterfaceOrientationLandscapeRight";
				IPHONEOS_DEPLOYMENT_TARGET = 17.0;
				LD_RUNPATH_SEARCH_PATHS = (
					"$(inherited)",
					"@executable_path/Frameworks",
				);
				MARKETING_VERSION = 1.0;
				PRODUCT_BUNDLE_IDENTIFIER = com.gadji.Kursash;
				PRODUCT_NAME = "$(TARGET_NAME)";
				SUPPORTED_PLATFORMS = "iphoneos iphonesimulator";
				SUPPORTS_MACCATALYST = NO;
				SUPPORTS_MAC_DESIGNED_FOR_IPHONE_IPAD = NO;
				SWIFT_EMIT_LOC_STRINGS = YES;
				SWIFT_VERSION = 5.0;
				TARGETED_DEVICE_FAMILY = "1,2";
			};
			name = Release;
		};
/* End XCBuildConfiguration section */

/* Begin XCConfigurationList section */
		3216FC372AB5A57900C29CB3 /* Build configuration list for PBXProject "Kursash" */ = {
			isa = XCConfigurationList;
			buildConfigurations = (
				3216FC482AB5A57A00C29CB3 /* Debug */,
				3216FC492AB5A57A00C29CB3 /* Release */,
			);
			defaultConfigurationIsVisible = 0;
			defaultConfigurationName = Release;
		};
		3216FC4A2AB5A57A00C29CB3 /* Build configuration list for PBXNativeTarget "Kursash" */ = {
			isa = XCConfigurationList;
			buildConfigurations = (
				3216FC4B2AB5A57A00C29CB3 /* Debug */,
				3216FC4C2AB5A57A00C29CB3 /* Release */,
			);
			defaultConfigurationIsVisible = 0;
			defaultConfigurationName = Release;
		};
/* End XCConfigurationList section */
	};
	rootObject = 3216FC342AB5A57900C29CB3 /* Project object */;
}
